
Microsoft Visual Studio Solution File, Format Version 12.00
# Visual Studio Version 17
VisualStudioVersion = 17.0.31903.59
MinimumVisualStudioVersion = 10.0.40219.1
Project("{2150E333-8FDC-42A3-9474-1A3956D46DE8}") = "src", "src", "{827E0CD3-B72D-47B6-A68D-7590B98EB39B}"
EndProject
Project("{FAE04EC0-301F-11D3-BF4B-00C04F79EFBC}") = "FQ.SynQ.Filters", "src\FQ.SynQ.Filters\FQ.SynQ.Filters.csproj", "{8AFE8C1F-CB70-481E-B5DD-1B3D720A3086}"
EndProject
Project("{FAE04EC0-301F-11D3-BF4B-00C04F79EFBC}") = "FQ.SynQ.Caching", "src\FQ.SynQ.Caching\FQ.SynQ.Caching.csproj", "{B4F82A1D-35F6-429D-BA26-B98D854F31FA}"
EndProject
Project("{FAE04EC0-301F-11D3-BF4B-00C04F79EFBC}") = "FQ.SynQ", "src\FQ.SynQ\FQ.SynQ.csproj", "{6463BC8E-44F7-4D1E-A79A-0E0AAD4FE259}"
EndProject
Project("{FAE04EC0-301F-11D3-BF4B-00C04F79EFBC}") = "FQ.SynQ.UnitTests", "tests\FQ.SynQ.UnitTests\FQ.SynQ.UnitTests.csproj", "{F91E4A26-3994-4CA4-91FB-0E87F31153D0}"
EndProject
Project("{2150E333-8FDC-42A3-9474-1A3956D46DE8}") = "tests", "tests", "{AF430FC4-7178-4C55-8B81-D58DC7B5D154}"
EndProject
Project("{FAE04EC0-301F-11D3-BF4B-00C04F79EFBC}") = "FQ.SynQ.Filters.UnitTests", "tests\FQ.SynQ.Filters.UnitTests\FQ.SynQ.Filters.UnitTests.csproj", "{D17D8C29-8792-4B56-B043-5FA0BB92BFC3}"
EndProject
Project("{FAE04EC0-301F-11D3-BF4B-00C04F79EFBC}") = "FQ.SynQ.Caching.UnitTests", "tests\FQ.SynQ.Caching.UnitTests\FQ.SynQ.Caching.UnitTests.csproj", "{3DBFF179-174A-4F80-B69E-208192ECE21D}"
EndProject
Global
	GlobalSection(SolutionConfigurationPlatforms) = preSolution
		Debug|Any CPU = Debug|Any CPU
		Debug|x64 = Debug|x64
		Debug|x86 = Debug|x86
		Release|Any CPU = Release|Any CPU
		Release|x64 = Release|x64
		Release|x86 = Release|x86
	EndGlobalSection
	GlobalSection(ProjectConfigurationPlatforms) = postSolution
		{8AFE8C1F-CB70-481E-B5DD-1B3D720A3086}.Debug|Any CPU.ActiveCfg = Debug|Any CPU
		{8AFE8C1F-CB70-481E-B5DD-1B3D720A3086}.Debug|Any CPU.Build.0 = Debug|Any CPU
		{8AFE8C1F-CB70-481E-B5DD-1B3D720A3086}.Debug|x64.ActiveCfg = Debug|Any CPU
		{8AFE8C1F-CB70-481E-B5DD-1B3D720A3086}.Debug|x64.Build.0 = Debug|Any CPU
		{8AFE8C1F-CB70-481E-B5DD-1B3D720A3086}.Debug|x86.ActiveCfg = Debug|Any CPU
		{8AFE8C1F-CB70-481E-B5DD-1B3D720A3086}.Debug|x86.Build.0 = Debug|Any CPU
		{8AFE8C1F-CB70-481E-B5DD-1B3D720A3086}.Release|Any CPU.ActiveCfg = Release|Any CPU
		{8AFE8C1F-CB70-481E-B5DD-1B3D720A3086}.Release|Any CPU.Build.0 = Release|Any CPU
		{8AFE8C1F-CB70-481E-B5DD-1B3D720A3086}.Release|x64.ActiveCfg = Release|Any CPU
		{8AFE8C1F-CB70-481E-B5DD-1B3D720A3086}.Release|x64.Build.0 = Release|Any CPU
		{8AFE8C1F-CB70-481E-B5DD-1B3D720A3086}.Release|x86.ActiveCfg = Release|Any CPU
		{8AFE8C1F-CB70-481E-B5DD-1B3D720A3086}.Release|x86.Build.0 = Release|Any CPU
		{B4F82A1D-35F6-429D-BA26-B98D854F31FA}.Debug|Any CPU.ActiveCfg = Debug|Any CPU
		{B4F82A1D-35F6-429D-BA26-B98D854F31FA}.Debug|Any CPU.Build.0 = Debug|Any CPU
		{B4F82A1D-35F6-429D-BA26-B98D854F31FA}.Debug|x64.ActiveCfg = Debug|Any CPU
		{B4F82A1D-35F6-429D-BA26-B98D854F31FA}.Debug|x64.Build.0 = Debug|Any CPU
		{B4F82A1D-35F6-429D-BA26-B98D854F31FA}.Debug|x86.ActiveCfg = Debug|Any CPU
		{B4F82A1D-35F6-429D-BA26-B98D854F31FA}.Debug|x86.Build.0 = Debug|Any CPU
		{B4F82A1D-35F6-429D-BA26-B98D854F31FA}.Release|Any CPU.ActiveCfg = Release|Any CPU
		{B4F82A1D-35F6-429D-BA26-B98D854F31FA}.Release|Any CPU.Build.0 = Release|Any CPU
		{B4F82A1D-35F6-429D-BA26-B98D854F31FA}.Release|x64.ActiveCfg = Release|Any CPU
		{B4F82A1D-35F6-429D-BA26-B98D854F31FA}.Release|x64.Build.0 = Release|Any CPU
		{B4F82A1D-35F6-429D-BA26-B98D854F31FA}.Release|x86.ActiveCfg = Release|Any CPU
		{B4F82A1D-35F6-429D-BA26-B98D854F31FA}.Release|x86.Build.0 = Release|Any CPU
		{6463BC8E-44F7-4D1E-A79A-0E0AAD4FE259}.Debug|Any CPU.ActiveCfg = Debug|Any CPU
		{6463BC8E-44F7-4D1E-A79A-0E0AAD4FE259}.Debug|Any CPU.Build.0 = Debug|Any CPU
		{6463BC8E-44F7-4D1E-A79A-0E0AAD4FE259}.Debug|x64.ActiveCfg = Debug|Any CPU
		{6463BC8E-44F7-4D1E-A79A-0E0AAD4FE259}.Debug|x64.Build.0 = Debug|Any CPU
		{6463BC8E-44F7-4D1E-A79A-0E0AAD4FE259}.Debug|x86.ActiveCfg = Debug|Any CPU
		{6463BC8E-44F7-4D1E-A79A-0E0AAD4FE259}.Debug|x86.Build.0 = Debug|Any CPU
		{6463BC8E-44F7-4D1E-A79A-0E0AAD4FE259}.Release|Any CPU.ActiveCfg = Release|Any CPU
		{6463BC8E-44F7-4D1E-A79A-0E0AAD4FE259}.Release|Any CPU.Build.0 = Release|Any CPU
		{6463BC8E-44F7-4D1E-A79A-0E0AAD4FE259}.Release|x64.ActiveCfg = Release|Any CPU
		{6463BC8E-44F7-4D1E-A79A-0E0AAD4FE259}.Release|x64.Build.0 = Release|Any CPU
		{6463BC8E-44F7-4D1E-A79A-0E0AAD4FE259}.Release|x86.ActiveCfg = Release|Any CPU
		{6463BC8E-44F7-4D1E-A79A-0E0AAD4FE259}.Release|x86.Build.0 = Release|Any CPU
		{F91E4A26-3994-4CA4-91FB-0E87F31153D0}.Debug|Any CPU.ActiveCfg = Debug|Any CPU
		{F91E4A26-3994-4CA4-91FB-0E87F31153D0}.Debug|Any CPU.Build.0 = Debug|Any CPU
		{F91E4A26-3994-4CA4-91FB-0E87F31153D0}.Debug|x64.ActiveCfg = Debug|Any CPU
		{F91E4A26-3994-4CA4-91FB-0E87F31153D0}.Debug|x64.Build.0 = Debug|Any CPU
		{F91E4A26-3994-4CA4-91FB-0E87F31153D0}.Debug|x86.ActiveCfg = Debug|Any CPU
		{F91E4A26-3994-4CA4-91FB-0E87F31153D0}.Debug|x86.Build.0 = Debug|Any CPU
		{F91E4A26-3994-4CA4-91FB-0E87F31153D0}.Release|Any CPU.ActiveCfg = Release|Any CPU
		{F91E4A26-3994-4CA4-91FB-0E87F31153D0}.Release|Any CPU.Build.0 = Release|Any CPU
		{F91E4A26-3994-4CA4-91FB-0E87F31153D0}.Release|x64.ActiveCfg = Release|Any CPU
		{F91E4A26-3994-4CA4-91FB-0E87F31153D0}.Release|x64.Build.0 = Release|Any CPU
		{F91E4A26-3994-4CA4-91FB-0E87F31153D0}.Release|x86.ActiveCfg = Release|Any CPU
		{F91E4A26-3994-4CA4-91FB-0E87F31153D0}.Release|x86.Build.0 = Release|Any CPU
		{D17D8C29-8792-4B56-B043-5FA0BB92BFC3}.Debug|Any CPU.ActiveCfg = Debug|Any CPU
		{D17D8C29-8792-4B56-B043-5FA0BB92BFC3}.Debug|Any CPU.Build.0 = Debug|Any CPU
		{D17D8C29-8792-4B56-B043-5FA0BB92BFC3}.Debug|x64.ActiveCfg = Debug|Any CPU
		{D17D8C29-8792-4B56-B043-5FA0BB92BFC3}.Debug|x64.Build.0 = Debug|Any CPU
		{D17D8C29-8792-4B56-B043-5FA0BB92BFC3}.Debug|x86.ActiveCfg = Debug|Any CPU
		{D17D8C29-8792-4B56-B043-5FA0BB92BFC3}.Debug|x86.Build.0 = Debug|Any CPU
		{D17D8C29-8792-4B56-B043-5FA0BB92BFC3}.Release|Any CPU.ActiveCfg = Release|Any CPU
		{D17D8C29-8792-4B56-B043-5FA0BB92BFC3}.Release|Any CPU.Build.0 = Release|Any CPU
		{D17D8C29-8792-4B56-B043-5FA0BB92BFC3}.Release|x64.ActiveCfg = Release|Any CPU
		{D17D8C29-8792-4B56-B043-5FA0BB92BFC3}.Release|x64.Build.0 = Release|Any CPU
		{D17D8C29-8792-4B56-B043-5FA0BB92BFC3}.Release|x86.ActiveCfg = Release|Any CPU
		{D17D8C29-8792-4B56-B043-5FA0BB92BFC3}.Release|x86.Build.0 = Release|Any CPU
		{3DBFF179-174A-4F80-B69E-208192ECE21D}.Debug|Any CPU.ActiveCfg = Debug|Any CPU
		{3DBFF179-174A-4F80-B69E-208192ECE21D}.Debug|Any CPU.Build.0 = Debug|Any CPU
		{3DBFF179-174A-4F80-B69E-208192ECE21D}.Debug|x64.ActiveCfg = Debug|Any CPU
		{3DBFF179-174A-4F80-B69E-208192ECE21D}.Debug|x64.Build.0 = Debug|Any CPU
		{3DBFF179-174A-4F80-B69E-208192ECE21D}.Debug|x86.ActiveCfg = Debug|Any CPU
		{3DBFF179-174A-4F80-B69E-208192ECE21D}.Debug|x86.Build.0 = Debug|Any CPU
		{3DBFF179-174A-4F80-B69E-208192ECE21D}.Release|Any CPU.ActiveCfg = Release|Any CPU
		{3DBFF179-174A-4F80-B69E-208192ECE21D}.Release|Any CPU.Build.0 = Release|Any CPU
		{3DBFF179-174A-4F80-B69E-208192ECE21D}.Release|x64.ActiveCfg = Release|Any CPU
		{3DBFF179-174A-4F80-B69E-208192ECE21D}.Release|x64.Build.0 = Release|Any CPU
		{3DBFF179-174A-4F80-B69E-208192ECE21D}.Release|x86.ActiveCfg = Release|Any CPU
		{3DBFF179-174A-4F80-B69E-208192ECE21D}.Release|x86.Build.0 = Release|Any CPU
	EndGlobalSection
	GlobalSection(SolutionProperties) = preSolution
		HideSolutionNode = FALSE
	EndGlobalSection
	GlobalSection(NestedProjects) = preSolution
		{8AFE8C1F-CB70-481E-B5DD-1B3D720A3086} = {827E0CD3-B72D-47B6-A68D-7590B98EB39B}
		{B4F82A1D-35F6-429D-BA26-B98D854F31FA} = {827E0CD3-B72D-47B6-A68D-7590B98EB39B}
		{6463BC8E-44F7-4D1E-A79A-0E0AAD4FE259} = {827E0CD3-B72D-47B6-A68D-7590B98EB39B}
		{F91E4A26-3994-4CA4-91FB-0E87F31153D0} = {AF430FC4-7178-4C55-8B81-D58DC7B5D154}
		{D17D8C29-8792-4B56-B043-5FA0BB92BFC3} = {AF430FC4-7178-4C55-8B81-D58DC7B5D154}
		{3DBFF179-174A-4F80-B69E-208192ECE21D} = {AF430FC4-7178-4C55-8B81-D58DC7B5D154}
	EndGlobalSection
EndGlobal
